PODS:
  - Flutter (1.0.0)
  - gj_flutter_plugin (0.0.1):
    - Flutter

DEPENDENCIES:
  - Flutter (from `Flutter`)
  - gj_flutter_plugin (from `.symlinks/plugins/gj_flutter_plugin/ios`)

EXTERNAL SOURCES:
  Flutter:
    :path: Flutter
  gj_flutter_plugin:
    :path: ".symlinks/plugins/gj_flutter_plugin/ios"

SPEC CHECKSUMS:
  Flutter: 50d75fe2f02b26cc09d224853bb45737f8b3214a
  gj_flutter_plugin: 25720c8c612175a19c6c31e369ee142790c34c09

PODFILE CHECKSUM: 8e679eca47255a8ca8067c4c67aab20e64cb974d

COCOAPODS: 1.11.3
